{
  "name": "mcp-change-review",
  "version": "0.1.0",
  "lockfileVersion": 3,
  "requires": true,
  "packages": {
    "": {
      "name": "mcp-change-review",
      "version": "0.1.0",
      "license": "MIT",
      "bin": {
        "mcp-change-review": "bin/mcp-change-review.js"
      },
      "engines": {
        "node": ">=20"
      }
    }
  }
}
